
Microsoft Visual Studio Solution File, Format Version 12.00
# Visual Studio Version 17
VisualStudioVersion = 17.5.002.0
MinimumVisualStudioVersion = 10.0.40219.1
Project("{9A19103F-16F7-4668-BE54-9A1E7A4F7556}") = "02_Introducao", "02_Introducao\02_Introducao.csproj", "{6163F6CB-C761-482C-9577-2416503E5F86}"
EndProject
Project("{9A19103F-16F7-4668-BE54-9A1E7A4F7556}") = "03_Operacoes", "03_Operacoes\03_Operacoes.csproj", "{E5BBB6B2-AE1C-4C82-8930-71C9752ACEC1}"
EndProject
Project("{9A19103F-16F7-4668-BE54-9A1E7A4F7556}") = "04_funcao_while", "04_funcao_while\04_funcao_while.csproj", "{A08FB9CD-3EAF-44A3-9D83-41760EED8BE2}"
EndProject
Project("{2150E333-8FDC-42A3-9474-1A3956D46DE8}") = "01_Hello_World", "01_Hello_World", "{98AE4F6C-F380-4002-9378-14ADE262C3C0}"
EndProject
Project("{9A19103F-16F7-4668-BE54-9A1E7A4F7556}") = "05_for_array", "01_Hello_World\05_for_array\05_for_array.csproj", "{7F1BCA4E-76B5-4902-8D3B-90ACD0E2BB8C}"
EndProject
Project("{2150E333-8FDC-42A3-9474-1A3956D46DE8}") = "Exercicios", "Exercicios", "{99239913-2901-4A19-AD68-3C59864E0E52}"
EndProject
Project("{9A19103F-16F7-4668-BE54-9A1E7A4F7556}") = "ex001", "Exercicios\ex001\ex001.csproj", "{62A80B4D-FF6B-4078-9183-B9A571EBFD9F}"
EndProject
Project("{9A19103F-16F7-4668-BE54-9A1E7A4F7556}") = "ex002", "Exercicios\ex002\ex002.csproj", "{57CA016A-E086-4C55-AAB1-49E677346A47}"
EndProject
Project("{9A19103F-16F7-4668-BE54-9A1E7A4F7556}") = "ex003", "Exercicios\ex003\ex003.csproj", "{B2E6C6D2-38A1-450D-9072-5130BCD68500}"
EndProject
Project("{9A19103F-16F7-4668-BE54-9A1E7A4F7556}") = "ex004", "Exercicios\ex004\ex004.csproj", "{BB36F6D3-3F7F-44DF-9037-07E8EE4F4115}"
EndProject
Project("{9A19103F-16F7-4668-BE54-9A1E7A4F7556}") = "ex005", "Exercicios\ex005\ex005.csproj", "{158A608F-B9EE-4CEA-B9DF-9C2A4D9DA811}"
EndProject
Global
	GlobalSection(SolutionConfigurationPlatforms) = preSolution
		Debug|Any CPU = Debug|Any CPU
		Release|Any CPU = Release|Any CPU
	EndGlobalSection
	GlobalSection(ProjectConfigurationPlatforms) = postSolution
		{6163F6CB-C761-482C-9577-2416503E5F86}.Debug|Any CPU.ActiveCfg = Debug|Any CPU
		{6163F6CB-C761-482C-9577-2416503E5F86}.Debug|Any CPU.Build.0 = Debug|Any CPU
		{6163F6CB-C761-482C-9577-2416503E5F86}.Release|Any CPU.ActiveCfg = Release|Any CPU
		{6163F6CB-C761-482C-9577-2416503E5F86}.Release|Any CPU.Build.0 = Release|Any CPU
		{E5BBB6B2-AE1C-4C82-8930-71C9752ACEC1}.Debug|Any CPU.ActiveCfg = Debug|Any CPU
		{E5BBB6B2-AE1C-4C82-8930-71C9752ACEC1}.Debug|Any CPU.Build.0 = Debug|Any CPU
		{E5BBB6B2-AE1C-4C82-8930-71C9752ACEC1}.Release|Any CPU.ActiveCfg = Release|Any CPU
		{E5BBB6B2-AE1C-4C82-8930-71C9752ACEC1}.Release|Any CPU.Build.0 = Release|Any CPU
		{A08FB9CD-3EAF-44A3-9D83-41760EED8BE2}.Debug|Any CPU.ActiveCfg = Debug|Any CPU
		{A08FB9CD-3EAF-44A3-9D83-41760EED8BE2}.Debug|Any CPU.Build.0 = Debug|Any CPU
		{A08FB9CD-3EAF-44A3-9D83-41760EED8BE2}.Release|Any CPU.ActiveCfg = Release|Any CPU
		{A08FB9CD-3EAF-44A3-9D83-41760EED8BE2}.Release|Any CPU.Build.0 = Release|Any CPU
		{7F1BCA4E-76B5-4902-8D3B-90ACD0E2BB8C}.Debug|Any CPU.ActiveCfg = Debug|Any CPU
		{7F1BCA4E-76B5-4902-8D3B-90ACD0E2BB8C}.Debug|Any CPU.Build.0 = Debug|Any CPU
		{7F1BCA4E-76B5-4902-8D3B-90ACD0E2BB8C}.Release|Any CPU.ActiveCfg = Release|Any CPU
		{7F1BCA4E-76B5-4902-8D3B-90ACD0E2BB8C}.Release|Any CPU.Build.0 = Release|Any CPU
		{62A80B4D-FF6B-4078-9183-B9A571EBFD9F}.Debug|Any CPU.ActiveCfg = Debug|Any CPU
		{62A80B4D-FF6B-4078-9183-B9A571EBFD9F}.Debug|Any CPU.Build.0 = Debug|Any CPU
		{62A80B4D-FF6B-4078-9183-B9A571EBFD9F}.Release|Any CPU.ActiveCfg = Release|Any CPU
		{62A80B4D-FF6B-4078-9183-B9A571EBFD9F}.Release|Any CPU.Build.0 = Release|Any CPU
		{57CA016A-E086-4C55-AAB1-49E677346A47}.Debug|Any CPU.ActiveCfg = Debug|Any CPU
		{57CA016A-E086-4C55-AAB1-49E677346A47}.Debug|Any CPU.Build.0 = Debug|Any CPU
		{57CA016A-E086-4C55-AAB1-49E677346A47}.Release|Any CPU.ActiveCfg = Release|Any CPU
		{57CA016A-E086-4C55-AAB1-49E677346A47}.Release|Any CPU.Build.0 = Release|Any CPU
		{B2E6C6D2-38A1-450D-9072-5130BCD68500}.Debug|Any CPU.ActiveCfg = Debug|Any CPU
		{B2E6C6D2-38A1-450D-9072-5130BCD68500}.Debug|Any CPU.Build.0 = Debug|Any CPU
		{B2E6C6D2-38A1-450D-9072-5130BCD68500}.Release|Any CPU.ActiveCfg = Release|Any CPU
		{B2E6C6D2-38A1-450D-9072-5130BCD68500}.Release|Any CPU.Build.0 = Release|Any CPU
		{BB36F6D3-3F7F-44DF-9037-07E8EE4F4115}.Debug|Any CPU.ActiveCfg = Debug|Any CPU
		{BB36F6D3-3F7F-44DF-9037-07E8EE4F4115}.Debug|Any CPU.Build.0 = Debug|Any CPU
		{BB36F6D3-3F7F-44DF-9037-07E8EE4F4115}.Release|Any CPU.ActiveCfg = Release|Any CPU
		{BB36F6D3-3F7F-44DF-9037-07E8EE4F4115}.Release|Any CPU.Build.0 = Release|Any CPU
		{158A608F-B9EE-4CEA-B9DF-9C2A4D9DA811}.Debug|Any CPU.ActiveCfg = Debug|Any CPU
		{158A608F-B9EE-4CEA-B9DF-9C2A4D9DA811}.Debug|Any CPU.Build.0 = Debug|Any CPU
		{158A608F-B9EE-4CEA-B9DF-9C2A4D9DA811}.Release|Any CPU.ActiveCfg = Release|Any CPU
		{158A608F-B9EE-4CEA-B9DF-9C2A4D9DA811}.Release|Any CPU.Build.0 = Release|Any CPU
	EndGlobalSection
	GlobalSection(SolutionProperties) = preSolution
		HideSolutionNode = FALSE
	EndGlobalSection
	GlobalSection(NestedProjects) = preSolution
		{7F1BCA4E-76B5-4902-8D3B-90ACD0E2BB8C} = {98AE4F6C-F380-4002-9378-14ADE262C3C0}
		{62A80B4D-FF6B-4078-9183-B9A571EBFD9F} = {99239913-2901-4A19-AD68-3C59864E0E52}
		{57CA016A-E086-4C55-AAB1-49E677346A47} = {99239913-2901-4A19-AD68-3C59864E0E52}
		{B2E6C6D2-38A1-450D-9072-5130BCD68500} = {99239913-2901-4A19-AD68-3C59864E0E52}
		{BB36F6D3-3F7F-44DF-9037-07E8EE4F4115} = {99239913-2901-4A19-AD68-3C59864E0E52}
		{158A608F-B9EE-4CEA-B9DF-9C2A4D9DA811} = {99239913-2901-4A19-AD68-3C59864E0E52}
	EndGlobalSection
	GlobalSection(ExtensibilityGlobals) = postSolution
		SolutionGuid = {B50AF651-A930-4CCE-AE76-200E8975CFE6}
	EndGlobalSection
EndGlobal
